PODS:
  - AWSCore (2.33.0)
  - AWSIoT (2.33.0):
    - AWSCore (= 2.33.0)

DEPENDENCIES:
  - AWSIoT

SPEC REPOS:
  trunk:
    - AWSCore
    - AWSIoT

SPEC CHECKSUMS:
  AWSCore: ff962198e35c750cb1d59cd459c51f1990e3ec68
  AWSIoT: d93a3341040be24f87f2ac088230411510f81b96

PODFILE CHECKSUM: 15765fbb9109b8323e6ea1787b45f41591c727e3

COCOAPODS: 1.11.3
